
Microsoft Visual Studio Solution File, Format Version 12.00
# Visual Studio Version 17
VisualStudioVersion = 17.5.33502.453
MinimumVisualStudioVersion = 10.0.40219.1
Project("{FAE04EC0-301F-11D3-BF4B-00C04F79EFBC}") = "ExerciseStreamReader", "ExerciseStreamReader\ExerciseStreamReader.csproj", "{B88D928C-AC6C-4023-8B7B-925B9339A760}"
EndProject
Global
	GlobalSection(SolutionConfigurationPlatforms) = preSolution
		Debug|Any CPU = Debug|Any CPU
		Release|Any CPU = Release|Any CPU
	EndGlobalSection
	GlobalSection(ProjectConfigurationPlatforms) = postSolution
		{B88D928C-AC6C-4023-8B7B-925B9339A760}.Debug|Any CPU.ActiveCfg = Debug|Any CPU
		{B88D928C-AC6C-4023-8B7B-925B9339A760}.Debug|Any CPU.Build.0 = Debug|Any CPU
		{B88D928C-AC6C-4023-8B7B-925B9339A760}.Release|Any CPU.ActiveCfg = Release|Any CPU
		{B88D928C-AC6C-4023-8B7B-925B9339A760}.Release|Any CPU.Build.0 = Release|Any CPU
	EndGlobalSection
	GlobalSection(SolutionProperties) = preSolution
		HideSolutionNode = FALSE
	EndGlobalSection
	GlobalSection(ExtensibilityGlobals) = postSolution
		SolutionGuid = {1B7F5B53-76CA-41D7-87CE-A95C44695B85}
	EndGlobalSection
EndGlobal
